
Microsoft Visual Studio Solution File, Format Version 12.00
# Visual Studio 15
VisualStudioVersion = 15.0.27004.2006
MinimumVisualStudioVersion = 10.0.40219.1
Project("{FAE04EC0-301F-11D3-BF4B-00C04F79EFBC}") = "PhaseUnwrapping", "PhaseUnwrapping\PhaseUnwrapping.csproj", "{2BD371C0-FEC0-407B-A291-4F271FBA217E}"
EndProject
Global
	GlobalSection(SolutionConfigurationPlatforms) = preSolution
		Debug|Any CPU = Debug|Any CPU
		Release|Any CPU = Release|Any CPU
	EndGlobalSection
	GlobalSection(ProjectConfigurationPlatforms) = postSolution
		{2BD371C0-FEC0-407B-A291-4F271FBA217E}.Debug|Any CPU.ActiveCfg = Debug|Any CPU
		{2BD371C0-FEC0-407B-A291-4F271FBA217E}.Debug|Any CPU.Build.0 = Debug|Any CPU
		{2BD371C0-FEC0-407B-A291-4F271FBA217E}.Release|Any CPU.ActiveCfg = Release|Any CPU
		{2BD371C0-FEC0-407B-A291-4F271FBA217E}.Release|Any CPU.Build.0 = Release|Any CPU
	EndGlobalSection
	GlobalSection(SolutionProperties) = preSolution
		HideSolutionNode = FALSE
	EndGlobalSection
	GlobalSection(ExtensibilityGlobals) = postSolution
		SolutionGuid = {DA89D395-D3FC-4892-AA0F-835BE1B187BA}
	EndGlobalSection
EndGlobal
